PODS:
  - BigInt (5.2.0)
  - CryptoSwift (0.10.0)
  - SwiftLint (0.59.1)
  - SwiftProtobuf (1.30.0)
  - TrezorCrypto (0.0.9)
  - TrustCore (0.2.2):
    - BigInt
    - SwiftProtobuf (~> 1.0)
    - TrezorCrypto (~> 0.0.8)

DEPENDENCIES:
  - BigInt
  - CryptoSwift (~> 0.10.0)
  - SwiftLint
  - TrezorCrypto (from `../trezor-crypto-ios`)
  - TrustCore (from `https://github.com/TrustWallet/trust-core`, branch `master`)

SPEC REPOS:
  trunk:
    - BigInt
    - CryptoSwift
    - SwiftLint
    - SwiftProtobuf

EXTERNAL SOURCES:
  TrezorCrypto:
    :path: "../trezor-crypto-ios"
  TrustCore:
    :branch: master
    :git: https://github.com/TrustWallet/trust-core

CHECKOUT OPTIONS:
  TrustCore:
    :commit: 833ec3f263bb9b257b6ec04359cb98d1bae7cf17
    :git: https://github.com/TrustWallet/trust-core

SPEC CHECKSUMS:
  BigInt: f668a80089607f521586bbe29513d708491ef2f7
  CryptoSwift: 6c778d69282bed3b4e975ff97a79d074f20bb011
  SwiftLint: 3d48e2fb2a3468fdaccf049e5e755df22fb40c2c
  SwiftProtobuf: 3697407f0d5b23bedeba9c2eaaf3ec6fdff69349
  TrezorCrypto: e7a4b5a99d6558db829f5c8e906bf5d7a4d72631
  TrustCore: 09735abba693b7fa7d9f1accd014775eb4a7b982

PODFILE CHECKSUM: c55e78db4893f6144f6176781b25d3480c9b631e

COCOAPODS: 1.16.2
